
Microsoft Visual Studio Solution File, Format Version 12.00
# Visual Studio Version 16
VisualStudioVersion = 16.0.31613.86
MinimumVisualStudioVersion = 10.0.40219.1
Project("{9A19103F-16F7-4668-BE54-9A1E7A4F7556}") = "Teste.Colaboradores.Web", "FUNCIONARIOS\Teste.Colaboradores.Web.csproj", "{6F70B7D2-CDA0-46C5-8964-690ACE0277D6}"
EndProject
Project("{9A19103F-16F7-4668-BE54-9A1E7A4F7556}") = "Teste.Colaboradores.Domain", "Teste.Colaboradores.Domain\Teste.Colaboradores.Domain.csproj", "{8F1074D6-DC66-4567-B35C-7B3E072E23DB}"
EndProject
Project("{9A19103F-16F7-4668-BE54-9A1E7A4F7556}") = "Teste.Colaboradores.DataAccess", "Teste.Colaboradores.DataAccess\Teste.Colaboradores.DataAccess.csproj", "{EAF08BFA-5B5F-44EF-81F0-84E8915BF995}"
EndProject
Project("{9A19103F-16F7-4668-BE54-9A1E7A4F7556}") = "Teste.Colaboradores.BusinessLogic", "Teste.Colaboradores.BusinessLogic\Teste.Colaboradores.BusinessLogic.csproj", "{D7F0D5A5-37B8-4B1E-BAD3-192684752FE6}"
EndProject
Global
	GlobalSection(SolutionConfigurationPlatforms) = preSolution
		Debug|Any CPU = Debug|Any CPU
		Release|Any CPU = Release|Any CPU
	EndGlobalSection
	GlobalSection(ProjectConfigurationPlatforms) = postSolution
		{6F70B7D2-CDA0-46C5-8964-690ACE0277D6}.Debug|Any CPU.ActiveCfg = Debug|Any CPU
		{6F70B7D2-CDA0-46C5-8964-690ACE0277D6}.Debug|Any CPU.Build.0 = Debug|Any CPU
		{6F70B7D2-CDA0-46C5-8964-690ACE0277D6}.Release|Any CPU.ActiveCfg = Release|Any CPU
		{6F70B7D2-CDA0-46C5-8964-690ACE0277D6}.Release|Any CPU.Build.0 = Release|Any CPU
		{8F1074D6-DC66-4567-B35C-7B3E072E23DB}.Debug|Any CPU.ActiveCfg = Debug|Any CPU
		{8F1074D6-DC66-4567-B35C-7B3E072E23DB}.Debug|Any CPU.Build.0 = Debug|Any CPU
		{8F1074D6-DC66-4567-B35C-7B3E072E23DB}.Release|Any CPU.ActiveCfg = Release|Any CPU
		{8F1074D6-DC66-4567-B35C-7B3E072E23DB}.Release|Any CPU.Build.0 = Release|Any CPU
		{EAF08BFA-5B5F-44EF-81F0-84E8915BF995}.Debug|Any CPU.ActiveCfg = Debug|Any CPU
		{EAF08BFA-5B5F-44EF-81F0-84E8915BF995}.Debug|Any CPU.Build.0 = Debug|Any CPU
		{EAF08BFA-5B5F-44EF-81F0-84E8915BF995}.Release|Any CPU.ActiveCfg = Release|Any CPU
		{EAF08BFA-5B5F-44EF-81F0-84E8915BF995}.Release|Any CPU.Build.0 = Release|Any CPU
		{D7F0D5A5-37B8-4B1E-BAD3-192684752FE6}.Debug|Any CPU.ActiveCfg = Debug|Any CPU
		{D7F0D5A5-37B8-4B1E-BAD3-192684752FE6}.Debug|Any CPU.Build.0 = Debug|Any CPU
		{D7F0D5A5-37B8-4B1E-BAD3-192684752FE6}.Release|Any CPU.ActiveCfg = Release|Any CPU
		{D7F0D5A5-37B8-4B1E-BAD3-192684752FE6}.Release|Any CPU.Build.0 = Release|Any CPU
	EndGlobalSection
	GlobalSection(SolutionProperties) = preSolution
		HideSolutionNode = FALSE
	EndGlobalSection
	GlobalSection(ExtensibilityGlobals) = postSolution
		SolutionGuid = {A5FAE67A-824E-4438-9E57-2900D048F931}
	EndGlobalSection
EndGlobal
